
Microsoft Visual Studio Solution File, Format Version 12.00
# Visual Studio Version 17
VisualStudioVersion = 17.5.002.0
MinimumVisualStudioVersion = 10.0.40219.1
Project("{9A19103F-16F7-4668-BE54-9A1E7A4F7556}") = "AZMongoBak", "AZMongoBak.csproj", "{1370C5A7-CA5E-44BB-B4FE-0C3A0DF7ED3C}"
EndProject
Global
	GlobalSection(SolutionConfigurationPlatforms) = preSolution
		Debug|Any CPU = Debug|Any CPU
		Release|Any CPU = Release|Any CPU
	EndGlobalSection
	GlobalSection(ProjectConfigurationPlatforms) = postSolution
		{1370C5A7-CA5E-44BB-B4FE-0C3A0DF7ED3C}.Debug|Any CPU.ActiveCfg = Debug|Any CPU
		{1370C5A7-CA5E-44BB-B4FE-0C3A0DF7ED3C}.Debug|Any CPU.Build.0 = Debug|Any CPU
		{1370C5A7-CA5E-44BB-B4FE-0C3A0DF7ED3C}.Release|Any CPU.ActiveCfg = Release|Any CPU
		{1370C5A7-CA5E-44BB-B4FE-0C3A0DF7ED3C}.Release|Any CPU.Build.0 = Release|Any CPU
	EndGlobalSection
	GlobalSection(SolutionProperties) = preSolution
		HideSolutionNode = FALSE
	EndGlobalSection
	GlobalSection(ExtensibilityGlobals) = postSolution
		SolutionGuid = {7FCD5413-05B5-48EC-A567-A7D745D647B4}
	EndGlobalSection
EndGlobal
